<Solution Description="Visual Studio slnx file generated by Premake" Version="1.4">
  <Configurations>
    <BuildType Name="Debug" />
    <BuildType Name="Release" />
    <Platform Name="x64" />
  </Configurations>
  <Project Path="external\build\GLFW\GLFW.vcxproj" Id="154B857C-0182-860D-AA6E-6C109684020F">
  </Project>
  <Project Path="external\build\imgui\imgui.vcxproj" Id="0098A80F-6CAC-D0C0-352E-7420A101CDF1">
  </Project>
  <Project Path="build\implot\implot.vcxproj" Id="5A62C004-4604-EBDA-2FBF-FE2E1B00722B">
  </Project>
  <Project Path="build\meshoptimizer\meshoptimizer.vcxproj" Id="75046AD2-E1C4-E508-AAFF-2E86167F2AE5">
  </Project>
  <Project Path="build\nfd\nfd.vcxproj" Id="5D94880B-C99D-887C-5219-9F7CBE21947C">
  </Project>
  <Project Path="build\Rodan\Rodan.vcxproj" Id="D96D090E-4582-31BF-0E04-D51E7AD72DF0">
  </Project>
  <Project Path="build\Runtime\Runtime.vcxproj" Id="4995DAC4-B574-5960-BE8C-E4362AEBBFC1" DefaultStartup="true">
  </Project>
  <Project Path="external\build\SPIRVReflect\SPIRVReflect.vcxproj" Id="1EFCB254-0A5F-42F9-B3E4-7AAF9F260E7C">
  </Project>
  <Project Path="external\build\Velos\Velos.vcxproj" Id="EE774C0E-5A8C-74BF-230E-181F8FE170F0">
  </Project>
  <Project Path="external\build\VelosImGui\VelosImGui.vcxproj" Id="499C40A4-3554-82F1-9E5B-5B4D8A321DE2">
  </Project>
  <Project Path="build\xxHash\xxHash.vcxproj" Id="D9B36E28-C555-99FE-AE10-AD529A51204F">
  </Project>
</Solution>